Microsoft Visual Studio Solution File, Format Version 11.00
# Visual Studio 2008

Project("{9F30D641-C0F5-0DE5-F9BB-E24C9CF56A5D}") = "Happy-Camper-Unity-FinalProject", "Assembly-CSharp.csproj", "{6B616543-1D0C-D6AE-B6D9-915DF4A32BCC}"
EndProject
Global
	GlobalSection(SolutionConfigurationPlatforms) = preSolution
		Debug|Any CPU = Debug|Any CPU
		Release|Any CPU = Release|Any CPU
	EndGlobalSection
	GlobalSection(ProjectConfigurationPlatforms) = postSolution
		{6B616543-1D0C-D6AE-B6D9-915DF4A32BCC}.Debug|Any CPU.ActiveCfg = Debug|Any CPU
		{6B616543-1D0C-D6AE-B6D9-915DF4A32BCC}.Debug|Any CPU.Build.0 = Debug|Any CPU
		{6B616543-1D0C-D6AE-B6D9-915DF4A32BCC}.Release|Any CPU.ActiveCfg = Release|Any CPU
		{6B616543-1D0C-D6AE-B6D9-915DF4A32BCC}.Release|Any CPU.Build.0 = Release|Any CPU
	EndGlobalSection
	GlobalSection(SolutionProperties) = preSolution
		HideSolutionNode = FALSE
	EndGlobalSection
	GlobalSection(MonoDevelopProperties) = preSolution
		StartupItem = Assembly-CSharp.csproj
	EndGlobalSection
EndGlobal
